// !$*UTF8*$!
{
	archiveVersion = 1;
	classes = {
	};
	objectVersion = 46;
	objects = {

/* Begin PBXBuildFile section */
		3F1B5BEC967F2441A560B63D /* Pods.framework in Frameworks */ = {isa = PBXBuildFile; fileRef = 5611D4F3E86FDAEC76A089E6 /* Pods.framework */; settings = {ATTRIBUTES = (Weak, ); }; };
		73DE2AF21B863EE10068CB17 /* AppDelegate.swift in Sources */ = {isa = PBXBuildFile; fileRef = 73DE2AF11B863EE10068CB17 /* AppDelegate.swift */; };
		73DE2AF41B863EE10068CB17 /* HomeViewController.swift in Sources */ = {isa = PBXBuildFile; fileRef = 73DE2AF31B863EE10068CB17 /* HomeViewController.swift */; };
		73DE2AF71B863EE10068CB17 /* Main.storyboard in Resources */ = {isa = PBXBuildFile; fileRef = 73DE2AF51B863EE10068CB17 /* Main.storyboard */; };
		73DE2AF91B863EE10068CB17 /* Images.xcassets in Resources */ = {isa = PBXBuildFile; fileRef = 73DE2AF81B863EE10068CB17 /* Images.xcassets */; };
		73DE2AFC1B863EE10068CB17 /* LaunchScreen.xib in Resources */ = {isa = PBXBuildFile; fileRef = 73DE2AFA1B863EE10068CB17 /* LaunchScreen.xib */; };
		73DE2B081B863EE10068CB17 /* LookieTests.swift in Sources */ = {isa = PBXBuildFile; fileRef = 73DE2B071B863EE10068CB17 /* LookieTests.swift */; };
		73DE2B121B863FF80068CB17 /* User.swift in Sources */ = {isa = PBXBuildFile; fileRef = 73DE2B111B863FF80068CB17 /* User.swift */; };
		73DE2B141B8643D50068CB17 /* User.swift in Sources */ = {isa = PBXBuildFile; fileRef = 73DE2B111B863FF80068CB17 /* User.swift */; };
		73DE2B161B864CCD0068CB17 /* LoginViewController.swift in Sources */ = {isa = PBXBuildFile; fileRef = 73DE2B151B864CCD0068CB17 /* LoginViewController.swift */; };
		73DE2B191B8657FD0068CB17 /* FamilyViewController.swift in Sources */ = {isa = PBXBuildFile; fileRef = 73DE2B181B8657FD0068CB17 /* FamilyViewController.swift */; };
		73FAFB951B866EE400E14A1B /* VisualExtensions.swift in Sources */ = {isa = PBXBuildFile; fileRef = 73FAFB941B866EE400E14A1B /* VisualExtensions.swift */; };
		73FAFB981B86706D00E14A1B /* FamilyMembersViewController.swift in Sources */ = {isa = PBXBuildFile; fileRef = 73FAFB971B86706D00E14A1B /* FamilyMembersViewController.swift */; };
		73FAFB9A1B8674E000E14A1B /* EmojiExtensions.swift in Sources */ = {isa = PBXBuildFile; fileRef = 73FAFB991B8674E000E14A1B /* EmojiExtensions.swift */; };
		73FAFB9C1B86755400E14A1B /* RandomExtensions.swift in Sources */ = {isa = PBXBuildFile; fileRef = 73FAFB9B1B86755400E14A1B /* RandomExtensions.swift */; };
		73FAFBA01B8681A500E14A1B /* Nunito-Bold.ttf in Resources */ = {isa = PBXBuildFile; fileRef = 73FAFB9D1B8681A500E14A1B /* Nunito-Bold.ttf */; };
		73FAFBA11B8681A500E14A1B /* Nunito-Light.ttf in Resources */ = {isa = PBXBuildFile; fileRef = 73FAFB9E1B8681A500E14A1B /* Nunito-Light.ttf */; };
		73FAFBA21B8681A500E14A1B /* Nunito-Regular.ttf in Resources */ = {isa = PBXBuildFile; fileRef = 73FAFB9F1B8681A500E14A1B /* Nunito-Regular.ttf */; };
		73FE3B2F1B869548009914ED /* FeedViewController.swift in Sources */ = {isa = PBXBuildFile; fileRef = 73FE3B2E1B869548009914ED /* FeedViewController.swift */; };
		73FE3B311B869F9A009914ED /* PostViewController.swift in Sources */ = {isa = PBXBuildFile; fileRef = 73FE3B301B869F9A009914ED /* PostViewController.swift */; };
		73FE3B331B86A166009914ED /* Post.swift in Sources */ = {isa = PBXBuildFile; fileRef = 73FE3B321B86A166009914ED /* Post.swift */; };
		73FE3B341B86A72F009914ED /* Post.swift in Sources */ = {isa = PBXBuildFile; fileRef = 73FE3B321B86A166009914ED /* Post.swift */; };
		73FE3B361B86C6CB009914ED /* Invitation.swift in Sources */ = {isa = PBXBuildFile; fileRef = 73FE3B351B86C6CB009914ED /* Invitation.swift */; };
		73FE3B371B86C763009914ED /* Invitation.swift in Sources */ = {isa = PBXBuildFile; fileRef = 73FE3B351B86C6CB009914ED /* Invitation.swift */; };
		B6FB46DB1D7A21CB1FE925EB /* Pods.framework in Frameworks */ = {isa = PBXBuildFile; fileRef = 5611D4F3E86FDAEC76A089E6 /* Pods.framework */; settings = {ATTRIBUTES = (Weak, ); }; };
/* End PBXBuildFile section */

/* Begin PBXContainerItemProxy section */
		73DE2B021B863EE10068CB17 /* PBXContainerItemProxy */ = {
			isa = PBXContainerItemProxy;
			containerPortal = 73DE2AE41B863EE10068CB17 /* Project object */;
			proxyType = 1;
			remoteGlobalIDString = 73DE2AEB1B863EE10068CB17;
			remoteInfo = Lookie;
		};
/* End PBXContainerItemProxy section */

/* Begin PBXFileReference section */
		2B8388759989B32F9B1ADF11 /* Pods.release.xcconfig */ = {isa = PBXFileReference; includeInIndex = 1; lastKnownFileType = text.xcconfig; name = Pods.release.xcconfig; path = "Pods/Target Support Files/Pods/Pods.release.xcconfig"; sourceTree = "<group>"; };
		5611D4F3E86FDAEC76A089E6 /* Pods.framework */ = {isa = PBXFileReference; explicitFileType = wrapper.framework; includeInIndex = 0; path = Pods.framework; sourceTree = BUILT_PRODUCTS_DIR; };
		73DE2AEC1B863EE10068CB17 /* Lookie!.app */ = {isa = PBXFileReference; explicitFileType = wrapper.application; includeInIndex = 0; path = "Lookie!.app"; sourceTree = BUILT_PRODUCTS_DIR; };
		73DE2AF01B863EE10068CB17 /* Info.plist */ = {isa = PBXFileReference; lastKnownFileType = text.plist.xml; path = Info.plist; sourceTree = "<group>"; };
		73DE2AF11B863EE10068CB17 /* AppDelegate.swift */ = {isa = PBXFileReference; lastKnownFileType = sourcecode.swift; lineEnding = 0; path = AppDelegate.swift; sourceTree = "<group>"; xcLanguageSpecificationIdentifier = xcode.lang.swift; };
		73DE2AF31B863EE10068CB17 /* HomeViewController.swift */ = {isa = PBXFileReference; lastKnownFileType = sourcecode.swift; lineEnding = 0; path = HomeViewController.swift; sourceTree = "<group>"; xcLanguageSpecificationIdentifier = xcode.lang.swift; };
		73DE2AF61B863EE10068CB17 /* Base */ = {isa = PBXFileReference; lastKnownFileType = file.storyboard; name = Base; path = Base.lproj/Main.storyboard; sourceTree = "<group>"; };
		73DE2AF81B863EE10068CB17 /* Images.xcassets */ = {isa = PBXFileReference; lastKnownFileType = folder.assetcatalog; path = Images.xcassets; sourceTree = "<group>"; };
		73DE2AFB1B863EE10068CB17 /* Base */ = {isa = PBXFileReference; lastKnownFileType = file.xib; name = Base; path = Base.lproj/LaunchScreen.xib; sourceTree = "<group>"; };
		73DE2B011B863EE10068CB17 /* Lookie!Tests.xctest */ = {isa = PBXFileReference; explicitFileType = wrapper.cfbundle; includeInIndex = 0; path = "Lookie!Tests.xctest"; sourceTree = BUILT_PRODUCTS_DIR; };
		73DE2B061B863EE10068CB17 /* Info.plist */ = {isa = PBXFileReference; lastKnownFileType = text.plist.xml; path = Info.plist; sourceTree = "<group>"; };
		73DE2B071B863EE10068CB17 /* LookieTests.swift */ = {isa = PBXFileReference; lastKnownFileType = sourcecode.swift; lineEnding = 0; path = LookieTests.swift; sourceTree = "<group>"; xcLanguageSpecificationIdentifier = xcode.lang.swift; };
		73DE2B111B863FF80068CB17 /* User.swift */ = {isa = PBXFileReference; fileEncoding = 4; lastKnownFileType = sourcecode.swift; lineEnding = 0; path = User.swift; sourceTree = "<group>"; xcLanguageSpecificationIdentifier = xcode.lang.swift; };
		73DE2B151B864CCD0068CB17 /* LoginViewController.swift */ = {isa = PBXFileReference; fileEncoding = 4; lastKnownFileType = sourcecode.swift; lineEnding = 0; path = LoginViewController.swift; sourceTree = "<group>"; xcLanguageSpecificationIdentifier = xcode.lang.swift; };
		73DE2B181B8657FD0068CB17 /* FamilyViewController.swift */ = {isa = PBXFileReference; fileEncoding = 4; lastKnownFileType = sourcecode.swift; lineEnding = 0; path = FamilyViewController.swift; sourceTree = "<group>"; xcLanguageSpecificationIdentifier = xcode.lang.swift; };
		73FAFB941B866EE400E14A1B /* VisualExtensions.swift */ = {isa = PBXFileReference; fileEncoding = 4; lastKnownFileType = sourcecode.swift; path = VisualExtensions.swift; sourceTree = "<group>"; };
		73FAFB971B86706D00E14A1B /* FamilyMembersViewController.swift */ = {isa = PBXFileReference; fileEncoding = 4; lastKnownFileType = sourcecode.swift; path = FamilyMembersViewController.swift; sourceTree = "<group>"; };
		73FAFB991B8674E000E14A1B /* EmojiExtensions.swift */ = {isa = PBXFileReference; fileEncoding = 4; lastKnownFileType = sourcecode.swift; path = EmojiExtensions.swift; sourceTree = "<group>"; };
		73FAFB9B1B86755400E14A1B /* RandomExtensions.swift */ = {isa = PBXFileReference; fileEncoding = 4; lastKnownFileType = sourcecode.swift; path = RandomExtensions.swift; sourceTree = "<group>"; };
		73FAFB9D1B8681A500E14A1B /* Nunito-Bold.ttf */ = {isa = PBXFileReference; lastKnownFileType = file; path = "Nunito-Bold.ttf"; sourceTree = "<group>"; };
		73FAFB9E1B8681A500E14A1B /* Nunito-Light.ttf */ = {isa = PBXFileReference; lastKnownFileType = file; path = "Nunito-Light.ttf"; sourceTree = "<group>"; };
		73FAFB9F1B8681A500E14A1B /* Nunito-Regular.ttf */ = {isa = PBXFileReference; lastKnownFileType = file; path = "Nunito-Regular.ttf"; sourceTree = "<group>"; };
		73FAFBA31B868B4400E14A1B /* Lookie!-Bridging-Header.h */ = {isa = PBXFileReference; lastKnownFileType = sourcecode.c.h; path = "Lookie!-Bridging-Header.h"; sourceTree = "<group>"; };
		73FE3B2E1B869548009914ED /* FeedViewController.swift */ = {isa = PBXFileReference; fileEncoding = 4; lastKnownFileType = sourcecode.swift; path = FeedViewController.swift; sourceTree = "<group>"; };
		73FE3B301B869F9A009914ED /* PostViewController.swift */ = {isa = PBXFileReference; fileEncoding = 4; lastKnownFileType = sourcecode.swift; path = PostViewController.swift; sourceTree = "<group>"; };
		73FE3B321B86A166009914ED /* Post.swift */ = {isa = PBXFileReference; fileEncoding = 4; lastKnownFileType = sourcecode.swift; path = Post.swift; sourceTree = "<group>"; };
		73FE3B351B86C6CB009914ED /* Invitation.swift */ = {isa = PBXFileReference; fileEncoding = 4; lastKnownFileType = sourcecode.swift; path = Invitation.swift; sourceTree = "<group>"; };
		D4C0EF765B80BB69A8353339 /* Pods.debug.xcconfig */ = {isa = PBXFileReference; includeInIndex = 1; lastKnownFileType = text.xcconfig; name = Pods.debug.xcconfig; path = "Pods/Target Support Files/Pods/Pods.debug.xcconfig"; sourceTree = "<group>"; };
/* End PBXFileReference section */

/* Begin PBXFrameworksBuildPhase section */
		73DE2AE91B863EE10068CB17 /* Frameworks */ = {
			isa = PBXFrameworksBuildPhase;
			buildActionMask = 2147483647;
			files = (
				3F1B5BEC967F2441A560B63D /* Pods.framework in Frameworks */,
			);
			runOnlyForDeploymentPostprocessing = 0;
		};
		73DE2AFE1B863EE10068CB17 /* Frameworks */ = {
			isa = PBXFrameworksBuildPhase;
			buildActionMask = 2147483647;
			files = (
				B6FB46DB1D7A21CB1FE925EB /* Pods.framework in Frameworks */,
			);
			runOnlyForDeploymentPostprocessing = 0;
		};
/* End PBXFrameworksBuildPhase section */

/* Begin PBXGroup section */
		1B2DB89D186581C828E5F85C /* Pods */ = {
			isa = PBXGroup;
			children = (
				D4C0EF765B80BB69A8353339 /* Pods.debug.xcconfig */,
				2B8388759989B32F9B1ADF11 /* Pods.release.xcconfig */,
			);
			name = Pods;
			sourceTree = "<group>";
		};
		73DE2AE31B863EE10068CB17 = {
			isa = PBXGroup;
			children = (
				73DE2AEE1B863EE10068CB17 /* Lookie! */,
				73DE2B041B863EE10068CB17 /* Lookie!Tests */,
				73DE2AED1B863EE10068CB17 /* Products */,
				1B2DB89D186581C828E5F85C /* Pods */,
				9FA080BEC5EA832617A1A06A /* Frameworks */,
			);
			sourceTree = "<group>";
		};
		73DE2AED1B863EE10068CB17 /* Products */ = {
			isa = PBXGroup;
			children = (
				73DE2AEC1B863EE10068CB17 /* Lookie!.app */,
				73DE2B011B863EE10068CB17 /* Lookie!Tests.xctest */,
			);
			name = Products;
			sourceTree = "<group>";
		};
		73DE2AEE1B863EE10068CB17 /* Lookie! */ = {
			isa = PBXGroup;
			children = (
				73DE2AF11B863EE10068CB17 /* AppDelegate.swift */,
				73DE2AF51B863EE10068CB17 /* Main.storyboard */,
				73DE2B171B864CD10068CB17 /* View Controllers */,
				73DE2B131B863FFC0068CB17 /* Models */,
				73FAFB961B866EE800E14A1B /* Extensions */,
				73DE2AF81B863EE10068CB17 /* Images.xcassets */,
				73DE2AFA1B863EE10068CB17 /* LaunchScreen.xib */,
				73FAFBA31B868B4400E14A1B /* Lookie!-Bridging-Header.h */,
				73DE2AEF1B863EE10068CB17 /* Supporting Files */,
			);
			name = "Lookie!";
			path = Lookie;
			sourceTree = "<group>";
		};
		73DE2AEF1B863EE10068CB17 /* Supporting Files */ = {
			isa = PBXGroup;
			children = (
				73FAFB9D1B8681A500E14A1B /* Nunito-Bold.ttf */,
				73FAFB9E1B8681A500E14A1B /* Nunito-Light.ttf */,
				73FAFB9F1B8681A500E14A1B /* Nunito-Regular.ttf */,
				73DE2AF01B863EE10068CB17 /* Info.plist */,
			);
			name = "Supporting Files";
			sourceTree = "<group>";
		};
		73DE2B041B863EE10068CB17 /* Lookie!Tests */ = {
			isa = PBXGroup;
			children = (
				73DE2B071B863EE10068CB17 /* LookieTests.swift */,
				73DE2B051B863EE10068CB17 /* Supporting Files */,
			);
			name = "Lookie!Tests";
			path = LookieTests;
			sourceTree = "<group>";
		};
		73DE2B051B863EE10068CB17 /* Supporting Files */ = {
			isa = PBXGroup;
			children = (
				73DE2B061B863EE10068CB17 /* Info.plist */,
			);
			name = "Supporting Files";
			sourceTree = "<group>";
		};
		73DE2B131B863FFC0068CB17 /* Models */ = {
			isa = PBXGroup;
			children = (
				73DE2B111B863FF80068CB17 /* User.swift */,
				73FE3B321B86A166009914ED /* Post.swift */,
				73FE3B351B86C6CB009914ED /* Invitation.swift */,
			);
			name = Models;
			sourceTree = "<group>";
		};
		73DE2B171B864CD10068CB17 /* View Controllers */ = {
			isa = PBXGroup;
			children = (
				73DE2B151B864CCD0068CB17 /* LoginViewController.swift */,
				73DE2AF31B863EE10068CB17 /* HomeViewController.swift */,
				73FE3B2E1B869548009914ED /* FeedViewController.swift */,
				73DE2B181B8657FD0068CB17 /* FamilyViewController.swift */,
				73FAFB971B86706D00E14A1B /* FamilyMembersViewController.swift */,
				73FE3B301B869F9A009914ED /* PostViewController.swift */,
			);
			name = "View Controllers";
			sourceTree = "<group>";
		};
		73FAFB961B866EE800E14A1B /* Extensions */ = {
			isa = PBXGroup;
			children = (
				73FAFB941B866EE400E14A1B /* VisualExtensions.swift */,
				73FAFB991B8674E000E14A1B /* EmojiExtensions.swift */,
				73FAFB9B1B86755400E14A1B /* RandomExtensions.swift */,
			);
			name = Extensions;
			sourceTree = "<group>";
		};
		9FA080BEC5EA832617A1A06A /* Frameworks */ = {
			isa = PBXGroup;
			children = (
				5611D4F3E86FDAEC76A089E6 /* Pods.framework */,
			);
			name = Frameworks;
			sourceTree = "<group>";
		};
/* End PBXGroup section */

/* Begin PBXNativeTarget section */
		73DE2AEB1B863EE10068CB17 /* Lookie! */ = {
			isa = PBXNativeTarget;
			buildConfigurationList = 73DE2B0B1B863EE10068CB17 /* Build configuration list for PBXNativeTarget "Lookie!" */;
			buildPhases = (
				D69B7DEE4CBDFBD61B6284BA /* Check Pods Manifest.lock */,
				73DE2AE81B863EE10068CB17 /* Sources */,
				73DE2AE91B863EE10068CB17 /* Frameworks */,
				73DE2AEA1B863EE10068CB17 /* Resources */,
				1CA3EE1CD26669C9B89E75D4 /* Embed Pods Frameworks */,
				5C09A88637FD48067C39F7EC /* Copy Pods Resources */,
			);
			buildRules = (
			);
			dependencies = (
			);
			name = "Lookie!";
			productName = "Lookie!";
			productReference = 73DE2AEC1B863EE10068CB17 /* Lookie!.app */;
			productType = "com.apple.product-type.application";
		};
		73DE2B001B863EE10068CB17 /* Lookie!Tests */ = {
			isa = PBXNativeTarget;
			buildConfigurationList = 73DE2B0E1B863EE10068CB17 /* Build configuration list for PBXNativeTarget "Lookie!Tests" */;
			buildPhases = (
				ECEFB6D3CF0D5B8C871DE676 /* Check Pods Manifest.lock */,
				73DE2AFD1B863EE10068CB17 /* Sources */,
				73DE2AFE1B863EE10068CB17 /* Frameworks */,
				73DE2AFF1B863EE10068CB17 /* Resources */,
				5501C662C08C576ECB7EEFBF /* Embed Pods Frameworks */,
				A8C87107FB2EBEA9C3543BD0 /* Copy Pods Resources */,
			);
			buildRules = (
			);
			dependencies = (
				73DE2B031B863EE10068CB17 /* PBXTargetDependency */,
			);
			name = "Lookie!Tests";
			productName = "Lookie!Tests";
			productReference = 73DE2B011B863EE10068CB17 /* Lookie!Tests.xctest */;
			productType = "com.apple.product-type.bundle.unit-test";
		};
/* End PBXNativeTarget section */

/* Begin PBXProject section */
		73DE2AE41B863EE10068CB17 /* Project object */ = {
			isa = PBXProject;
			attributes = {
				LastUpgradeCheck = 0640;
				ORGANIZATIONNAME = AppCookbook;
				TargetAttributes = {
					73DE2AEB1B863EE10068CB17 = {
						CreatedOnToolsVersion = 6.4;
						DevelopmentTeam = D9G4X7TP5Q;
					};
					73DE2B001B863EE10068CB17 = {
						CreatedOnToolsVersion = 6.4;
						TestTargetID = 73DE2AEB1B863EE10068CB17;
					};
				};
			};
			buildConfigurationList = 73DE2AE71B863EE10068CB17 /* Build configuration list for PBXProject "Lookie!" */;
			compatibilityVersion = "Xcode 3.2";
			developmentRegion = English;
			hasScannedForEncodings = 0;
			knownRegions = (
				en,
				Base,
			);
			mainGroup = 73DE2AE31B863EE10068CB17;
			productRefGroup = 73DE2AED1B863EE10068CB17 /* Products */;
			projectDirPath = "";
			projectRoot = "";
			targets = (
				73DE2AEB1B863EE10068CB17 /* Lookie! */,
				73DE2B001B863EE10068CB17 /* Lookie!Tests */,
			);
		};
/* End PBXProject section */

/* Begin PBXResourcesBuildPhase section */
		73DE2AEA1B863EE10068CB17 /* Resources */ = {
			isa = PBXResourcesBuildPhase;
			buildActionMask = 2147483647;
			files = (
				73FAFBA21B8681A500E14A1B /* Nunito-Regular.ttf in Resources */,
				73DE2AF71B863EE10068CB17 /* Main.storyboard in Resources */,
				73FAFBA11B8681A500E14A1B /* Nunito-Light.ttf in Resources */,
				73DE2AFC1B863EE10068CB17 /* LaunchScreen.xib in Resources */,
				73FAFBA01B8681A500E14A1B /* Nunito-Bold.ttf in Resources */,
				73DE2AF91B863EE10068CB17 /* Images.xcassets in Resources */,
			);
			runOnlyForDeploymentPostprocessing = 0;
		};
		73DE2AFF1B863EE10068CB17 /* Resources */ = {
			isa = PBXResourcesBuildPhase;
			buildActionMask = 2147483647;
			files = (
			);
			runOnlyForDeploymentPostprocessing = 0;
		};
/* End PBXResourcesBuildPhase section */

/* Begin PBXShellScriptBuildPhase section */
		1CA3EE1CD26669C9B89E75D4 /* Embed Pods Frameworks */ = {
			isa = PBXShellScriptBuildPhase;
			buildActionMask = 2147483647;
			files = (
			);
			inputPaths = (
			);
			name = "Embed Pods Frameworks";
			outputPaths = (
			);
			runOnlyForDeploymentPostprocessing = 0;
			shellPath = /bin/sh;
			shellScript = "\"${SRCROOT}/Pods/Target Support Files/Pods/Pods-frameworks.sh\"\n";
			showEnvVarsInLog = 0;
		};
		5501C662C08C576ECB7EEFBF /* Embed Pods Frameworks */ = {
			isa = PBXShellScriptBuildPhase;
			buildActionMask = 2147483647;
			files = (
			);
			inputPaths = (
			);
			name = "Embed Pods Frameworks";
			outputPaths = (
			);
			runOnlyForDeploymentPostprocessing = 0;
			shellPath = /bin/sh;
			shellScript = "\"${SRCROOT}/Pods/Target Support Files/Pods/Pods-frameworks.sh\"\n";
			showEnvVarsInLog = 0;
		};
		5C09A88637FD48067C39F7EC /* Copy Pods Resources */ = {
			isa = PBXShellScriptBuildPhase;
			buildActionMask = 2147483647;
			files = (
			);
			inputPaths = (
			);
			name = "Copy Pods Resources";
			outputPaths = (
			);
			runOnlyForDeploymentPostprocessing = 0;
			shellPath = /bin/sh;
			shellScript = "\"${SRCROOT}/Pods/Target Support Files/Pods/Pods-resources.sh\"\n";
			showEnvVarsInLog = 0;
		};
		A8C87107FB2EBEA9C3543BD0 /* Copy Pods Resources */ = {
			isa = PBXShellScriptBuildPhase;
			buildActionMask = 2147483647;
			files = (
			);
			inputPaths = (
			);
			name = "Copy Pods Resources";
			outputPaths = (
			);
			runOnlyForDeploymentPostprocessing = 0;
			shellPath = /bin/sh;
			shellScript = "\"${SRCROOT}/Pods/Target Support Files/Pods/Pods-resources.sh\"\n";
			showEnvVarsInLog = 0;
		};
		D69B7DEE4CBDFBD61B6284BA /* Check Pods Manifest.lock */ = {
			isa = PBXShellScriptBuildPhase;
			buildActionMask = 2147483647;
			files = (
			);
			inputPaths = (
			);
			name = "Check Pods Manifest.lock";
			outputPaths = (
			);
			runOnlyForDeploymentPostprocessing = 0;
			shellPath = /bin/sh;
			shellScript = "diff \"${PODS_ROOT}/../Podfile.lock\" \"${PODS_ROOT}/Manifest.lock\" > /dev/null\nif [[ $? != 0 ]] ; then\n    cat << EOM\nerror: The sandbox is not in sync with the Podfile.lock. Run 'pod install' or update your CocoaPods installation.\nEOM\n    exit 1\nfi\n";
			showEnvVarsInLog = 0;
		};
		ECEFB6D3CF0D5B8C871DE676 /* Check Pods Manifest.lock */ = {
			isa = PBXShellScriptBuildPhase;
			buildActionMask = 2147483647;
			files = (
			);
			inputPaths = (
			);
			name = "Check Pods Manifest.lock";
			outputPaths = (
			);
			runOnlyForDeploymentPostprocessing = 0;
			shellPath = /bin/sh;
			shellScript = "diff \"${PODS_ROOT}/../Podfile.lock\" \"${PODS_ROOT}/Manifest.lock\" > /dev/null\nif [[ $? != 0 ]] ; then\n    cat << EOM\nerror: The sandbox is not in sync with the Podfile.lock. Run 'pod install' or update your CocoaPods installation.\nEOM\n    exit 1\nfi\n";
			showEnvVarsInLog = 0;
		};
/* End PBXShellScriptBuildPhase section */

/* Begin PBXSourcesBuildPhase section */
		73DE2AE81B863EE10068CB17 /* Sources */ = {
			isa = PBXSourcesBuildPhase;
			buildActionMask = 2147483647;
			files = (
				73DE2B161B864CCD0068CB17 /* LoginViewController.swift in Sources */,
				73DE2AF41B863EE10068CB17 /* HomeViewController.swift in Sources */,
				73FE3B361B86C6CB009914ED /* Invitation.swift in Sources */,
				73FE3B2F1B869548009914ED /* FeedViewController.swift in Sources */,
				73FE3B331B86A166009914ED /* Post.swift in Sources */,
				73DE2AF21B863EE10068CB17 /* AppDelegate.swift in Sources */,
				73FAFB951B866EE400E14A1B /* VisualExtensions.swift in Sources */,
				73FAFB9A1B8674E000E14A1B /* EmojiExtensions.swift in Sources */,
				73FAFB981B86706D00E14A1B /* FamilyMembersViewController.swift in Sources */,
				73DE2B121B863FF80068CB17 /* User.swift in Sources */,
				73FAFB9C1B86755400E14A1B /* RandomExtensions.swift in Sources */,
				73DE2B191B8657FD0068CB17 /* FamilyViewController.swift in Sources */,
				73FE3B311B869F9A009914ED /* PostViewController.swift in Sources */,
			);
			runOnlyForDeploymentPostprocessing = 0;
		};
		73DE2AFD1B863EE10068CB17 /* Sources */ = {
			isa = PBXSourcesBuildPhase;
			buildActionMask = 2147483647;
			files = (
				73FE3B371B86C763009914ED /* Invitation.swift in Sources */,
				73FE3B341B86A72F009914ED /* Post.swift in Sources */,
				73DE2B141B8643D50068CB17 /* User.swift in Sources */,
				73DE2B081B863EE10068CB17 /* LookieTests.swift in Sources */,
			);
			runOnlyForDeploymentPostprocessing = 0;
		};
/* End PBXSourcesBuildPhase section */

/* Begin PBXTargetDependency section */
		73DE2B031B863EE10068CB17 /* PBXTargetDependency */ = {
			isa = PBXTargetDependency;
			target = 73DE2AEB1B863EE10068CB17 /* Lookie! */;
			targetProxy = 73DE2B021B863EE10068CB17 /* PBXContainerItemProxy */;
		};
/* End PBXTargetDependency section */

/* Begin PBXVariantGroup section */
		73DE2AF51B863EE10068CB17 /* Main.storyboard */ = {
			isa = PBXVariantGroup;
			children = (
				73DE2AF61B863EE10068CB17 /* Base */,
			);
			name = Main.storyboard;
			sourceTree = "<group>";
		};
		73DE2AFA1B863EE10068CB17 /* LaunchScreen.xib */ = {
			isa = PBXVariantGroup;
			children = (
				73DE2AFB1B863EE10068CB17 /* Base */,
			);
			name = LaunchScreen.xib;
			sourceTree = "<group>";
		};
/* End PBXVariantGroup section */

/* Begin XCBuildConfiguration section */
		73DE2B091B863EE10068CB17 /* Debug */ = {
			isa = XCBuildConfiguration;
			buildSettings = {
				ALWAYS_SEARCH_USER_PATHS = NO;
				CLANG_CXX_LANGUAGE_STANDARD = "gnu++0x";
				CLANG_CXX_LIBRARY = "libc++";
				CLANG_ENABLE_MODULES = YES;
				CLANG_ENABLE_OBJC_ARC = YES;
				CLANG_WARN_BOOL_CONVERSION = YES;
				CLANG_WARN_CONSTANT_CONVERSION = YES;
				CLANG_WARN_DIRECT_OBJC_ISA_USAGE = YES_ERROR;
				CLANG_WARN_EMPTY_BODY = YES;
				CLANG_WARN_ENUM_CONVERSION = YES;
				CLANG_WARN_INT_CONVERSION = YES;
				CLANG_WARN_OBJC_ROOT_CLASS = YES_ERROR;
				CLANG_WARN_UNREACHABLE_CODE = YES;
				CLANG_WARN__DUPLICATE_METHOD_MATCH = YES;
				"CODE_SIGN_IDENTITY[sdk=iphoneos*]" = "iPhone Developer";
				COPY_PHASE_STRIP = NO;
				DEBUG_INFORMATION_FORMAT = "dwarf-with-dsym";
				ENABLE_STRICT_OBJC_MSGSEND = YES;
				GCC_C_LANGUAGE_STANDARD = gnu99;
				GCC_DYNAMIC_NO_PIC = NO;
				GCC_NO_COMMON_BLOCKS = YES;
				GCC_OPTIMIZATION_LEVEL = 0;
				GCC_PREPROCESSOR_DEFINITIONS = (
					"DEBUG=1",
					"$(inherited)",
				);
				GCC_SYMBOLS_PRIVATE_EXTERN = NO;
				GCC_WARN_64_TO_32_BIT_CONVERSION = YES;
				GCC_WARN_ABOUT_RETURN_TYPE = YES_ERROR;
				GCC_WARN_UNDECLARED_SELECTOR = YES;
				GCC_WARN_UNINITIALIZED_AUTOS = YES_AGGRESSIVE;
				GCC_WARN_UNUSED_FUNCTION = YES;
				GCC_WARN_UNUSED_VARIABLE = YES;
				IPHONEOS_DEPLOYMENT_TARGET = 8.4;
				MTL_ENABLE_DEBUG_INFO = YES;
				ONLY_ACTIVE_ARCH = YES;
				SDKROOT = iphoneos;
				SWIFT_OPTIMIZATION_LEVEL = "-Onone";
				TARGETED_DEVICE_FAMILY = "1,2";
			};
			name = Debug;
		};
		73DE2B0A1B863EE10068CB17 /* Release */ = {
			isa = XCBuildConfiguration;
			buildSettings = {
				ALWAYS_SEARCH_USER_PATHS = NO;
				CLANG_CXX_LANGUAGE_STANDARD = "gnu++0x";
				CLANG_CXX_LIBRARY = "libc++";
				CLANG_ENABLE_MODULES = YES;
				CLANG_ENABLE_OBJC_ARC = YES;
				CLANG_WARN_BOOL_CONVERSION = YES;
				CLANG_WARN_CONSTANT_CONVERSION = YES;
				CLANG_WARN_DIRECT_OBJC_ISA_USAGE = YES_ERROR;
				CLANG_WARN_EMPTY_BODY = YES;
				CLANG_WARN_ENUM_CONVERSION = YES;
				CLANG_WARN_INT_CONVERSION = YES;
				CLANG_WARN_OBJC_ROOT_CLASS = YES_ERROR;
				CLANG_WARN_UNREACHABLE_CODE = YES;
				CLANG_WARN__DUPLICATE_METHOD_MATCH = YES;
				"CODE_SIGN_IDENTITY[sdk=iphoneos*]" = "iPhone Developer";
				COPY_PHASE_STRIP = NO;
				DEBUG_INFORMATION_FORMAT = "dwarf-with-dsym";
				ENABLE_NS_ASSERTIONS = NO;
				ENABLE_STRICT_OBJC_MSGSEND = YES;
				GCC_C_LANGUAGE_STANDARD = gnu99;
				GCC_NO_COMMON_BLOCKS = YES;
				GCC_WARN_64_TO_32_BIT_CONVERSION = YES;
				GCC_WARN_ABOUT_RETURN_TYPE = YES_ERROR;
				GCC_WARN_UNDECLARED_SELECTOR = YES;
				GCC_WARN_UNINITIALIZED_AUTOS = YES_AGGRESSIVE;
				GCC_WARN_UNUSED_FUNCTION = YES;
				GCC_WARN_UNUSED_VARIABLE = YES;
				IPHONEOS_DEPLOYMENT_TARGET = 8.4;
				MTL_ENABLE_DEBUG_INFO = NO;
				SDKROOT = iphoneos;
				TARGETED_DEVICE_FAMILY = "1,2";
				VALIDATE_PRODUCT = YES;
			};
			name = Release;
		};
		73DE2B0C1B863EE10068CB17 /* Debug */ = {
			isa = XCBuildConfiguration;
			baseConfigurationReference = D4C0EF765B80BB69A8353339 /* Pods.debug.xcconfig */;
			buildSettings = {
				ASSETCATALOG_COMPILER_APPICON_NAME = AppIcon;
				CLANG_ENABLE_MODULES = YES;
				CODE_SIGN_IDENTITY = "iPhone Developer";
				"CODE_SIGN_IDENTITY[sdk=iphoneos*]" = "iPhone Developer";
				INFOPLIST_FILE = Lookie/Info.plist;
				IPHONEOS_DEPLOYMENT_TARGET = 8.4;
				LD_RUNPATH_SEARCH_PATHS = "$(inherited) @executable_path/Frameworks";
				PRODUCT_NAME = "Lookie!";
				PROVISIONING_PROFILE = "";
				SWIFT_OBJC_BRIDGING_HEADER = "Lookie/Lookie!-Bridging-Header.h";
				SWIFT_OPTIMIZATION_LEVEL = "-Onone";
			};
			name = Debug;
		};
		73DE2B0D1B863EE10068CB17 /* Release */ = {
			isa = XCBuildConfiguration;
			baseConfigurationReference = 2B8388759989B32F9B1ADF11 /* Pods.release.xcconfig */;
			buildSettings = {
				ASSETCATALOG_COMPILER_APPICON_NAME = AppIcon;
				CLANG_ENABLE_MODULES = YES;
				CODE_SIGN_IDENTITY = "iPhone Developer";
				"CODE_SIGN_IDENTITY[sdk=iphoneos*]" = "iPhone Developer";
				INFOPLIST_FILE = Lookie/Info.plist;
				IPHONEOS_DEPLOYMENT_TARGET = 8.4;
				LD_RUNPATH_SEARCH_PATHS = "$(inherited) @executable_path/Frameworks";
				PRODUCT_NAME = "Lookie!";
				PROVISIONING_PROFILE = "";
				SWIFT_OBJC_BRIDGING_HEADER = "Lookie/Lookie!-Bridging-Header.h";
			};
			name = Release;
		};
		73DE2B0F1B863EE10068CB17 /* Debug */ = {
			isa = XCBuildConfiguration;
			baseConfigurationReference = D4C0EF765B80BB69A8353339 /* Pods.debug.xcconfig */;
			buildSettings = {
				BUNDLE_LOADER = "$(TEST_HOST)";
				FRAMEWORK_SEARCH_PATHS = (
					"$(SDKROOT)/Developer/Library/Frameworks",
					"$(inherited)",
				);
				GCC_PREPROCESSOR_DEFINITIONS = (
					"DEBUG=1",
					"$(inherited)",
				);
				INFOPLIST_FILE = LookieTests/Info.plist;
				LD_RUNPATH_SEARCH_PATHS = "$(inherited) @executable_path/Frameworks @loader_path/Frameworks";
				PRODUCT_NAME = "Lookie!Tests";
				TEST_HOST = "$(BUILT_PRODUCTS_DIR)/Lookie!.app/Lookie!";
			};
			name = Debug;
		};
		73DE2B101B863EE10068CB17 /* Release */ = {
			isa = XCBuildConfiguration;
			baseConfigurationReference = 2B8388759989B32F9B1ADF11 /* Pods.release.xcconfig */;
			buildSettings = {
				BUNDLE_LOADER = "$(TEST_HOST)";
				FRAMEWORK_SEARCH_PATHS = (
					"$(SDKROOT)/Developer/Library/Frameworks",
					"$(inherited)",
				);
				INFOPLIST_FILE = LookieTests/Info.plist;
				LD_RUNPATH_SEARCH_PATHS = "$(inherited) @executable_path/Frameworks @loader_path/Frameworks";
				PRODUCT_NAME = "Lookie!Tests";
				TEST_HOST = "$(BUILT_PRODUCTS_DIR)/Lookie!.app/Lookie!";
			};
			name = Release;
		};
/* End XCBuildConfiguration section */

/* Begin XCConfigurationList section */
		73DE2AE71B863EE10068CB17 /* Build configuration list for PBXProject "Lookie!" */ = {
			isa = XCConfigurationList;
			buildConfigurations = (
				73DE2B091B863EE10068CB17 /* Debug */,
				73DE2B0A1B863EE10068CB17 /* Release */,
			);
			defaultConfigurationIsVisible = 0;
			defaultConfigurationName = Release;
		};
		73DE2B0B1B863EE10068CB17 /* Build configuration list for PBXNativeTarget "Lookie!" */ = {
			isa = XCConfigurationList;
			buildConfigurations = (
				73DE2B0C1B863EE10068CB17 /* Debug */,
				73DE2B0D1B863EE10068CB17 /* Release */,
			);
			defaultConfigurationIsVisible = 0;
			defaultConfigurationName = Release;
		};
		73DE2B0E1B863EE10068CB17 /* Build configuration list for PBXNativeTarget "Lookie!Tests" */ = {
			isa = XCConfigurationList;
			buildConfigurations = (
				73DE2B0F1B863EE10068CB17 /* Debug */,
				73DE2B101B863EE10068CB17 /* Release */,
			);
			defaultConfigurationIsVisible = 0;
			defaultConfigurationName = Release;
		};
/* End XCConfigurationList section */
	};
	rootObject = 73DE2AE41B863EE10068CB17 /* Project object */;
}
